
Microsoft Visual Studio Solution File, Format Version 12.00
# Visual Studio Version 16
VisualStudioVersion = 16.0.30711.63
MinimumVisualStudioVersion = 10.0.40219.1
Project("{FAE04EC0-301F-11D3-BF4B-00C04F79EFBC}") = "SentimentBotApp", "SentimentBotApp.csproj", "{646F1F00-C124-4478-B2DC-5666AC744705}"
EndProject
Global
	GlobalSection(SolutionConfigurationPlatforms) = preSolution
		Debug|Any CPU = Debug|Any CPU
		Release|Any CPU = Release|Any CPU
	EndGlobalSection
	GlobalSection(ProjectConfigurationPlatforms) = postSolution
		{646F1F00-C124-4478-B2DC-5666AC744705}.Debug|Any CPU.ActiveCfg = Debug|Any CPU
		{646F1F00-C124-4478-B2DC-5666AC744705}.Debug|Any CPU.Build.0 = Debug|Any CPU
		{646F1F00-C124-4478-B2DC-5666AC744705}.Release|Any CPU.ActiveCfg = Release|Any CPU
		{646F1F00-C124-4478-B2DC-5666AC744705}.Release|Any CPU.Build.0 = Release|Any CPU
	EndGlobalSection
	GlobalSection(SolutionProperties) = preSolution
		HideSolutionNode = FALSE
	EndGlobalSection
	GlobalSection(ExtensibilityGlobals) = postSolution
		SolutionGuid = {16B4B071-3997-4CA5-B26F-1F8483C10AF4}
	EndGlobalSection
EndGlobal
